
Microsoft Visual Studio Solution File, Format Version 12.00
Project("{FAE04EC0-301F-11D3-BF4B-00C04F79EFBC}") = "WS.SortingAlgorithms", "WS.SortingAlgorithms\WS.SortingAlgorithms.csproj", "{6984F10D-2749-4056-92BD-9BB4242E12F4}"
EndProject
Global
	GlobalSection(SolutionConfigurationPlatforms) = preSolution
		Debug|Any CPU = Debug|Any CPU
		Release|Any CPU = Release|Any CPU
	EndGlobalSection
	GlobalSection(ProjectConfigurationPlatforms) = postSolution
		{6984F10D-2749-4056-92BD-9BB4242E12F4}.Debug|Any CPU.ActiveCfg = Debug|Any CPU
		{6984F10D-2749-4056-92BD-9BB4242E12F4}.Debug|Any CPU.Build.0 = Debug|Any CPU
		{6984F10D-2749-4056-92BD-9BB4242E12F4}.Release|Any CPU.ActiveCfg = Release|Any CPU
		{6984F10D-2749-4056-92BD-9BB4242E12F4}.Release|Any CPU.Build.0 = Release|Any CPU
	EndGlobalSection
EndGlobal
